// !$*UTF8*$!
{
	archiveVersion = 1;
	classes = {
	};
	objectVersion = 56;
	objects = {

/* Begin PBXBuildFile section */
		4A00A90C2AC66BDC007AEC8A /* UserModel.swift in Sources */ = {isa = PBXBuildFile; fileRef = 4A00A90B2AC66BDC007AEC8A /* UserModel.swift */; };
		4A15F2072AA641910098F2F7 /* CustomNextBtn.swift in Sources */ = {isa = PBXBuildFile; fileRef = 4A15F2062AA641910098F2F7 /* CustomNextBtn.swift */; };
		4A15F2092AA790D60098F2F7 /* CustomProgressBar.swift in Sources */ = {isa = PBXBuildFile; fileRef = 4A15F2082AA790D60098F2F7 /* CustomProgressBar.swift */; };
		4A15F20B2AA799C50098F2F7 /* ConstomLabel.swift in Sources */ = {isa = PBXBuildFile; fileRef = 4A15F20A2AA799C50098F2F7 /* ConstomLabel.swift */; };
		4A15F20E2AA8B4150098F2F7 /* InputPhoneNumVC.swift in Sources */ = {isa = PBXBuildFile; fileRef = 4A15F20D2AA8B4150098F2F7 /* InputPhoneNumVC.swift */; };
		4A15F2102AA8B45A0098F2F7 /* InputAuthNumVC.swift in Sources */ = {isa = PBXBuildFile; fileRef = 4A15F20F2AA8B45A0098F2F7 /* InputAuthNumVC.swift */; };
		4A15F2122AA8B4880098F2F7 /* InputIdVC.swift in Sources */ = {isa = PBXBuildFile; fileRef = 4A15F2112AA8B4880098F2F7 /* InputIdVC.swift */; };
		4A15F2142AA8B4A50098F2F7 /* InputPwVC.swift in Sources */ = {isa = PBXBuildFile; fileRef = 4A15F2132AA8B4A50098F2F7 /* InputPwVC.swift */; };
		4A15F2162AA8B4CA0098F2F7 /* InputNickVC.swift in Sources */ = {isa = PBXBuildFile; fileRef = 4A15F2152AA8B4CA0098F2F7 /* InputNickVC.swift */; };
		4A4BFDCA2AD26B0F0062BDB8 /* RegistrationManager.swift in Sources */ = {isa = PBXBuildFile; fileRef = 4A4BFDC92AD26B0F0062BDB8 /* RegistrationManager.swift */; };
		4A8B9B462AD443C9009236EC /* AlamofireManager.swift in Sources */ = {isa = PBXBuildFile; fileRef = 4A8B9B452AD443C9009236EC /* AlamofireManager.swift */; };
		4A8B9B482AD443D5009236EC /* BaseInterceptor.swift in Sources */ = {isa = PBXBuildFile; fileRef = 4A8B9B472AD443D5009236EC /* BaseInterceptor.swift */; };
		4A8B9B4A2AD443E6009236EC /* ApiStatusLogger.swift in Sources */ = {isa = PBXBuildFile; fileRef = 4A8B9B492AD443E6009236EC /* ApiStatusLogger.swift */; };
		4A8B9B4C2AD443EE009236EC /* MyLogger.swift in Sources */ = {isa = PBXBuildFile; fileRef = 4A8B9B4B2AD443EE009236EC /* MyLogger.swift */; };
		4A8B9B4E2AD443FA009236EC /* MySearchRouter.swift in Sources */ = {isa = PBXBuildFile; fileRef = 4A8B9B4D2AD443FA009236EC /* MySearchRouter.swift */; };
		4A8B9B502AD444D0009236EC /* Constants.swift in Sources */ = {isa = PBXBuildFile; fileRef = 4A8B9B4F2AD444D0009236EC /* Constants.swift */; };
		4A9088772AC1681B000C7878 /* PetCollectViewCell.swift in Sources */ = {isa = PBXBuildFile; fileRef = 4A9088752AC1681B000C7878 /* PetCollectViewCell.swift */; };
		4AA999922A8485A500E495FA /* AppDelegate.swift in Sources */ = {isa = PBXBuildFile; fileRef = 4AA999912A8485A500E495FA /* AppDelegate.swift */; };
		4AA999942A8485A500E495FA /* SceneDelegate.swift in Sources */ = {isa = PBXBuildFile; fileRef = 4AA999932A8485A500E495FA /* SceneDelegate.swift */; };
		4AA999962A8485A500E495FA /* FirstVC.swift in Sources */ = {isa = PBXBuildFile; fileRef = 4AA999952A8485A500E495FA /* FirstVC.swift */; };
		4AA999992A8485A500E495FA /* Main.storyboard in Resources */ = {isa = PBXBuildFile; fileRef = 4AA999972A8485A500E495FA /* Main.storyboard */; };
		4AA9999B2A8485A600E495FA /* Assets.xcassets in Resources */ = {isa = PBXBuildFile; fileRef = 4AA9999A2A8485A600E495FA /* Assets.xcassets */; };
		4AA9999E2A8485A600E495FA /* LaunchScreen.storyboard in Resources */ = {isa = PBXBuildFile; fileRef = 4AA9999C2A8485A600E495FA /* LaunchScreen.storyboard */; };
		4ACDD4952AD460BA00CD8F1A /* PetCollectViewCell.xib in Resources */ = {isa = PBXBuildFile; fileRef = 4ACDD4932AD460BA00CD8F1A /* PetCollectViewCell.xib */; };
		4ACDD49E2AD9ACC400CD8F1A /* PetModel.swift in Sources */ = {isa = PBXBuildFile; fileRef = 4ACDD49D2AD9ACC400CD8F1A /* PetModel.swift */; };
		4ACDD4A12AD9B37E00CD8F1A /* InputSpeciesVC.swift in Sources */ = {isa = PBXBuildFile; fileRef = 4ACDD4A02AD9B37E00CD8F1A /* InputSpeciesVC.swift */; };
		4ACDD4A32AD9B3A500CD8F1A /* InputPetNameVC.swift in Sources */ = {isa = PBXBuildFile; fileRef = 4ACDD4A22AD9B3A500CD8F1A /* InputPetNameVC.swift */; };
		4ACDD4A52AD9B3DC00CD8F1A /* InputGenderVC.swift in Sources */ = {isa = PBXBuildFile; fileRef = 4ACDD4A42AD9B3DC00CD8F1A /* InputGenderVC.swift */; };
		4ACDD4A72AD9B3F600CD8F1A /* CheckCareVC.swift in Sources */ = {isa = PBXBuildFile; fileRef = 4ACDD4A62AD9B3F600CD8F1A /* CheckCareVC.swift */; };
		4ACDD4A92ADAFFD100CD8F1A /* InputPetBirthVC.swift in Sources */ = {isa = PBXBuildFile; fileRef = 4ACDD4A82ADAFFD100CD8F1A /* InputPetBirthVC.swift */; };
		4AD354152AACD390004A47B3 /* LoginVC.swift in Sources */ = {isa = PBXBuildFile; fileRef = 4AD354142AACD390004A47B3 /* LoginVC.swift */; };
		4AD354202AAF7CD6004A47B3 /* MainVC.swift in Sources */ = {isa = PBXBuildFile; fileRef = 4AD3541F2AAF7CD6004A47B3 /* MainVC.swift */; };
		4AD354222AAF7E62004A47B3 /* TabBarController.swift in Sources */ = {isa = PBXBuildFile; fileRef = 4AD354212AAF7E62004A47B3 /* TabBarController.swift */; };
		4AD354272AAF7EF5004A47B3 /* CalendarVC.swift in Sources */ = {isa = PBXBuildFile; fileRef = 4AD354262AAF7EF5004A47B3 /* CalendarVC.swift */; };
		4AD354292AAF7F55004A47B3 /* RecordVC.swift in Sources */ = {isa = PBXBuildFile; fileRef = 4AD354282AAF7F55004A47B3 /* RecordVC.swift */; };
		4AD3542B2AAF7F6A004A47B3 /* PetVC.swift in Sources */ = {isa = PBXBuildFile; fileRef = 4AD3542A2AAF7F6A004A47B3 /* PetVC.swift */; };
		4AD3542D2AAF7F83004A47B3 /* SettingVC.swift in Sources */ = {isa = PBXBuildFile; fileRef = 4AD3542C2AAF7F83004A47B3 /* SettingVC.swift */; };
		5F3351521D53411AE096AE11 /* Pods_fit_a_pet_client.framework in Frameworks */ = {isa = PBXBuildFile; fileRef = AB1D3740B0C5A796E5D597B2 /* Pods_fit_a_pet_client.framework */; };
/* End PBXBuildFile section */

/* Begin PBXFileReference section */
		1BE018CCB6881B4EFC5C6D84 /* Pods-fit-a-pet-client.release.xcconfig */ = {isa = PBXFileReference; includeInIndex = 1; lastKnownFileType = text.xcconfig; name = "Pods-fit-a-pet-client.release.xcconfig"; path = "Target Support Files/Pods-fit-a-pet-client/Pods-fit-a-pet-client.release.xcconfig"; sourceTree = "<group>"; };
		4A00A90B2AC66BDC007AEC8A /* UserModel.swift */ = {isa = PBXFileReference; lastKnownFileType = sourcecode.swift; path = UserModel.swift; sourceTree = "<group>"; };
		4A15F2062AA641910098F2F7 /* CustomNextBtn.swift */ = {isa = PBXFileReference; lastKnownFileType = sourcecode.swift; path = CustomNextBtn.swift; sourceTree = "<group>"; };
		4A15F2082AA790D60098F2F7 /* CustomProgressBar.swift */ = {isa = PBXFileReference; lastKnownFileType = sourcecode.swift; path = CustomProgressBar.swift; sourceTree = "<group>"; };
		4A15F20A2AA799C50098F2F7 /* ConstomLabel.swift */ = {isa = PBXFileReference; lastKnownFileType = sourcecode.swift; path = ConstomLabel.swift; sourceTree = "<group>"; };
		4A15F20D2AA8B4150098F2F7 /* InputPhoneNumVC.swift */ = {isa = PBXFileReference; lastKnownFileType = sourcecode.swift; path = InputPhoneNumVC.swift; sourceTree = "<group>"; };
		4A15F20F2AA8B45A0098F2F7 /* InputAuthNumVC.swift */ = {isa = PBXFileReference; lastKnownFileType = sourcecode.swift; path = InputAuthNumVC.swift; sourceTree = "<group>"; };
		4A15F2112AA8B4880098F2F7 /* InputIdVC.swift */ = {isa = PBXFileReference; lastKnownFileType = sourcecode.swift; path = InputIdVC.swift; sourceTree = "<group>"; };
		4A15F2132AA8B4A50098F2F7 /* InputPwVC.swift */ = {isa = PBXFileReference; lastKnownFileType = sourcecode.swift; path = InputPwVC.swift; sourceTree = "<group>"; };
		4A15F2152AA8B4CA0098F2F7 /* InputNickVC.swift */ = {isa = PBXFileReference; lastKnownFileType = sourcecode.swift; path = InputNickVC.swift; sourceTree = "<group>"; };
		4A4BFDC92AD26B0F0062BDB8 /* RegistrationManager.swift */ = {isa = PBXFileReference; lastKnownFileType = sourcecode.swift; path = RegistrationManager.swift; sourceTree = "<group>"; };
		4A8B9B452AD443C9009236EC /* AlamofireManager.swift */ = {isa = PBXFileReference; lastKnownFileType = sourcecode.swift; path = AlamofireManager.swift; sourceTree = "<group>"; };
		4A8B9B472AD443D5009236EC /* BaseInterceptor.swift */ = {isa = PBXFileReference; lastKnownFileType = sourcecode.swift; path = BaseInterceptor.swift; sourceTree = "<group>"; };
		4A8B9B492AD443E6009236EC /* ApiStatusLogger.swift */ = {isa = PBXFileReference; lastKnownFileType = sourcecode.swift; path = ApiStatusLogger.swift; sourceTree = "<group>"; };
		4A8B9B4B2AD443EE009236EC /* MyLogger.swift */ = {isa = PBXFileReference; lastKnownFileType = sourcecode.swift; path = MyLogger.swift; sourceTree = "<group>"; };
		4A8B9B4D2AD443FA009236EC /* MySearchRouter.swift */ = {isa = PBXFileReference; lastKnownFileType = sourcecode.swift; path = MySearchRouter.swift; sourceTree = "<group>"; };
		4A8B9B4F2AD444D0009236EC /* Constants.swift */ = {isa = PBXFileReference; lastKnownFileType = sourcecode.swift; path = Constants.swift; sourceTree = "<group>"; };
		4A9088752AC1681B000C7878 /* PetCollectViewCell.swift */ = {isa = PBXFileReference; lastKnownFileType = sourcecode.swift; path = PetCollectViewCell.swift; sourceTree = "<group>"; };
		4AA9998E2A8485A500E495FA /* fit-a-pet-client.app */ = {isa = PBXFileReference; explicitFileType = wrapper.application; includeInIndex = 0; path = "fit-a-pet-client.app"; sourceTree = BUILT_PRODUCTS_DIR; };
		4AA999912A8485A500E495FA /* AppDelegate.swift */ = {isa = PBXFileReference; lastKnownFileType = sourcecode.swift; path = AppDelegate.swift; sourceTree = "<group>"; };
		4AA999932A8485A500E495FA /* SceneDelegate.swift */ = {isa = PBXFileReference; lastKnownFileType = sourcecode.swift; path = SceneDelegate.swift; sourceTree = "<group>"; };
		4AA999952A8485A500E495FA /* FirstVC.swift */ = {isa = PBXFileReference; lastKnownFileType = sourcecode.swift; path = FirstVC.swift; sourceTree = "<group>"; };
		4AA999982A8485A500E495FA /* Base */ = {isa = PBXFileReference; lastKnownFileType = file.storyboard; name = Base; path = Base.lproj/Main.storyboard; sourceTree = "<group>"; };
		4AA9999A2A8485A600E495FA /* Assets.xcassets */ = {isa = PBXFileReference; lastKnownFileType = folder.assetcatalog; path = Assets.xcassets; sourceTree = "<group>"; };
		4AA9999D2A8485A600E495FA /* Base */ = {isa = PBXFileReference; lastKnownFileType = file.storyboard; name = Base; path = Base.lproj/LaunchScreen.storyboard; sourceTree = "<group>"; };
		4AA9999F2A8485A600E495FA /* Info.plist */ = {isa = PBXFileReference; lastKnownFileType = text.plist.xml; path = Info.plist; sourceTree = "<group>"; };
		4ACDD4932AD460BA00CD8F1A /* PetCollectViewCell.xib */ = {isa = PBXFileReference; lastKnownFileType = file.xib; path = PetCollectViewCell.xib; sourceTree = "<group>"; };
		4ACDD49D2AD9ACC400CD8F1A /* PetModel.swift */ = {isa = PBXFileReference; lastKnownFileType = sourcecode.swift; path = PetModel.swift; sourceTree = "<group>"; };
		4ACDD4A02AD9B37E00CD8F1A /* InputSpeciesVC.swift */ = {isa = PBXFileReference; lastKnownFileType = sourcecode.swift; path = InputSpeciesVC.swift; sourceTree = "<group>"; };
		4ACDD4A22AD9B3A500CD8F1A /* InputPetNameVC.swift */ = {isa = PBXFileReference; lastKnownFileType = sourcecode.swift; path = InputPetNameVC.swift; sourceTree = "<group>"; };
		4ACDD4A42AD9B3DC00CD8F1A /* InputGenderVC.swift */ = {isa = PBXFileReference; lastKnownFileType = sourcecode.swift; path = InputGenderVC.swift; sourceTree = "<group>"; };
		4ACDD4A62AD9B3F600CD8F1A /* CheckCareVC.swift */ = {isa = PBXFileReference; lastKnownFileType = sourcecode.swift; path = CheckCareVC.swift; sourceTree = "<group>"; };
		4ACDD4A82ADAFFD100CD8F1A /* InputPetBirthVC.swift */ = {isa = PBXFileReference; lastKnownFileType = sourcecode.swift; path = InputPetBirthVC.swift; sourceTree = "<group>"; };
		4AD354142AACD390004A47B3 /* LoginVC.swift */ = {isa = PBXFileReference; lastKnownFileType = sourcecode.swift; path = LoginVC.swift; sourceTree = "<group>"; };
		4AD3541F2AAF7CD6004A47B3 /* MainVC.swift */ = {isa = PBXFileReference; lastKnownFileType = sourcecode.swift; path = MainVC.swift; sourceTree = "<group>"; };
		4AD354212AAF7E62004A47B3 /* TabBarController.swift */ = {isa = PBXFileReference; lastKnownFileType = sourcecode.swift; path = TabBarController.swift; sourceTree = "<group>"; };
		4AD354262AAF7EF5004A47B3 /* CalendarVC.swift */ = {isa = PBXFileReference; lastKnownFileType = sourcecode.swift; path = CalendarVC.swift; sourceTree = "<group>"; };
		4AD354282AAF7F55004A47B3 /* RecordVC.swift */ = {isa = PBXFileReference; lastKnownFileType = sourcecode.swift; path = RecordVC.swift; sourceTree = "<group>"; };
		4AD3542A2AAF7F6A004A47B3 /* PetVC.swift */ = {isa = PBXFileReference; lastKnownFileType = sourcecode.swift; path = PetVC.swift; sourceTree = "<group>"; };
		4AD3542C2AAF7F83004A47B3 /* SettingVC.swift */ = {isa = PBXFileReference; lastKnownFileType = sourcecode.swift; path = SettingVC.swift; sourceTree = "<group>"; };
		A8CCF3AF04A53824C263132B /* Pods-fit-a-pet-client.debug.xcconfig */ = {isa = PBXFileReference; includeInIndex = 1; lastKnownFileType = text.xcconfig; name = "Pods-fit-a-pet-client.debug.xcconfig"; path = "Target Support Files/Pods-fit-a-pet-client/Pods-fit-a-pet-client.debug.xcconfig"; sourceTree = "<group>"; };
		AB1D3740B0C5A796E5D597B2 /* Pods_fit_a_pet_client.framework */ = {isa = PBXFileReference; explicitFileType = wrapper.framework; includeInIndex = 0; path = Pods_fit_a_pet_client.framework; sourceTree = BUILT_PRODUCTS_DIR; };
/* End PBXFileReference section */

/* Begin PBXFrameworksBuildPhase section */
		4AA9998B2A8485A500E495FA /* Frameworks */ = {
			isa = PBXFrameworksBuildPhase;
			buildActionMask = 2147483647;
			files = (
				5F3351521D53411AE096AE11 /* Pods_fit_a_pet_client.framework in Frameworks */,
			);
			runOnlyForDeploymentPostprocessing = 0;
		};
/* End PBXFrameworksBuildPhase section */

/* Begin PBXGroup section */
		4A15F20C2AA8B3FB0098F2F7 /* SignUpVC */ = {
			isa = PBXGroup;
			children = (
				4A15F20D2AA8B4150098F2F7 /* InputPhoneNumVC.swift */,
				4A15F20F2AA8B45A0098F2F7 /* InputAuthNumVC.swift */,
				4A15F2112AA8B4880098F2F7 /* InputIdVC.swift */,
				4A15F2132AA8B4A50098F2F7 /* InputPwVC.swift */,
				4A15F2152AA8B4CA0098F2F7 /* InputNickVC.swift */,
			);
			path = SignUpVC;
			sourceTree = "<group>";
		};
		4AA999852A8485A500E495FA = {
			isa = PBXGroup;
			children = (
				4AA999902A8485A500E495FA /* fit-a-pet-client */,
				4AA9998F2A8485A500E495FA /* Products */,
				8EF8644275BA065FBAA31F2B /* Pods */,
				5AE5601D3B3B4D5737E25482 /* Frameworks */,
			);
			sourceTree = "<group>";
		};
		4AA9998F2A8485A500E495FA /* Products */ = {
			isa = PBXGroup;
			children = (
				4AA9998E2A8485A500E495FA /* fit-a-pet-client.app */,
			);
			name = Products;
			sourceTree = "<group>";
		};
		4AA999902A8485A500E495FA /* fit-a-pet-client */ = {
			isa = PBXGroup;
			children = (
				4AD3541E2AAF7BA2004A47B3 /* UIElement */,
				4ABE585F2A85E93100E22C5F /* Resource */,
				4ABE585E2A85E92B00E22C5F /* Extension */,
				4ABE585D2A85E91600E22C5F /* Utils */,
				4ABE585C2A85E90500E22C5F /* API */,
				4ABE585A2A85E8D200E22C5F /* Model */,
				4ABE58592A85E8C100E22C5F /* View */,
				4ABE58582A85E8B400E22C5F /* ViewControllers */,
				4AA999912A8485A500E495FA /* AppDelegate.swift */,
				4AA999932A8485A500E495FA /* SceneDelegate.swift */,
				4AA999972A8485A500E495FA /* Main.storyboard */,
				4AA9999A2A8485A600E495FA /* Assets.xcassets */,
				4AA9999C2A8485A600E495FA /* LaunchScreen.storyboard */,
				4AA9999F2A8485A600E495FA /* Info.plist */,
			);
			path = "fit-a-pet-client";
			sourceTree = "<group>";
		};
		4ABE58582A85E8B400E22C5F /* ViewControllers */ = {
			isa = PBXGroup;
			children = (
				4ACDD49F2AD9B32400CD8F1A /* RegistPet */,
				4ACDD49A2AD9A9F600CD8F1A /* FindAccountVC */,
				4AD354232AAF7EB6004A47B3 /* TabBarVC */,
				4A15F20C2AA8B3FB0098F2F7 /* SignUpVC */,
				4AA999952A8485A500E495FA /* FirstVC.swift */,
				4AD354142AACD390004A47B3 /* LoginVC.swift */,
			);
			path = ViewControllers;
			sourceTree = "<group>";
		};
		4ABE58592A85E8C100E22C5F /* View */ = {
			isa = PBXGroup;
			children = (
				4ACDD4932AD460BA00CD8F1A /* PetCollectViewCell.xib */,
			);
			path = View;
			sourceTree = "<group>";
		};
		4ABE585A2A85E8D200E22C5F /* Model */ = {
			isa = PBXGroup;
			children = (
				4A00A90B2AC66BDC007AEC8A /* UserModel.swift */,
				4ACDD49D2AD9ACC400CD8F1A /* PetModel.swift */,
			);
			path = Model;
			sourceTree = "<group>";
		};
		4ABE585C2A85E90500E22C5F /* API */ = {
			isa = PBXGroup;
			children = (
				4A8B9B452AD443C9009236EC /* AlamofireManager.swift */,
				4A8B9B472AD443D5009236EC /* BaseInterceptor.swift */,
				4A8B9B492AD443E6009236EC /* ApiStatusLogger.swift */,
				4A8B9B4B2AD443EE009236EC /* MyLogger.swift */,
				4A8B9B4D2AD443FA009236EC /* MySearchRouter.swift */,
			);
			path = API;
			sourceTree = "<group>";
		};
		4ABE585D2A85E91600E22C5F /* Utils */ = {
			isa = PBXGroup;
			children = (
				4A4BFDC92AD26B0F0062BDB8 /* RegistrationManager.swift */,
				4A8B9B4F2AD444D0009236EC /* Constants.swift */,
			);
			path = Utils;
			sourceTree = "<group>";
		};
		4ABE585E2A85E92B00E22C5F /* Extension */ = {
			isa = PBXGroup;
			children = (
			);
			path = Extension;
			sourceTree = "<group>";
		};
		4ABE585F2A85E93100E22C5F /* Resource */ = {
			isa = PBXGroup;
			children = (
			);
			path = Resource;
			sourceTree = "<group>";
		};
		4ACDD49A2AD9A9F600CD8F1A /* FindAccountVC */ = {
			isa = PBXGroup;
			children = (
			);
			path = FindAccountVC;
			sourceTree = "<group>";
		};
		4ACDD49F2AD9B32400CD8F1A /* RegistPet */ = {
			isa = PBXGroup;
			children = (
				4ACDD4A02AD9B37E00CD8F1A /* InputSpeciesVC.swift */,
				4ACDD4A22AD9B3A500CD8F1A /* InputPetNameVC.swift */,
				4ACDD4A42AD9B3DC00CD8F1A /* InputGenderVC.swift */,
				4ACDD4A82ADAFFD100CD8F1A /* InputPetBirthVC.swift */,
				4ACDD4A62AD9B3F600CD8F1A /* CheckCareVC.swift */,
			);
			path = RegistPet;
			sourceTree = "<group>";
		};
		4AD3541E2AAF7BA2004A47B3 /* UIElement */ = {
			isa = PBXGroup;
			children = (
				4A15F2062AA641910098F2F7 /* CustomNextBtn.swift */,
				4A15F2082AA790D60098F2F7 /* CustomProgressBar.swift */,
				4A15F20A2AA799C50098F2F7 /* ConstomLabel.swift */,
				4AD354212AAF7E62004A47B3 /* TabBarController.swift */,
			);
			path = UIElement;
			sourceTree = "<group>";
		};
		4AD354232AAF7EB6004A47B3 /* TabBarVC */ = {
			isa = PBXGroup;
			children = (
				4A9088752AC1681B000C7878 /* PetCollectViewCell.swift */,
				4AD3541F2AAF7CD6004A47B3 /* MainVC.swift */,
				4AD354262AAF7EF5004A47B3 /* CalendarVC.swift */,
				4AD354282AAF7F55004A47B3 /* RecordVC.swift */,
				4AD3542A2AAF7F6A004A47B3 /* PetVC.swift */,
				4AD3542C2AAF7F83004A47B3 /* SettingVC.swift */,
			);
			path = TabBarVC;
			sourceTree = "<group>";
		};
		5AE5601D3B3B4D5737E25482 /* Frameworks */ = {
			isa = PBXGroup;
			children = (
				AB1D3740B0C5A796E5D597B2 /* Pods_fit_a_pet_client.framework */,
			);
			name = Frameworks;
			sourceTree = "<group>";
		};
		8EF8644275BA065FBAA31F2B /* Pods */ = {
			isa = PBXGroup;
			children = (
				A8CCF3AF04A53824C263132B /* Pods-fit-a-pet-client.debug.xcconfig */,
				1BE018CCB6881B4EFC5C6D84 /* Pods-fit-a-pet-client.release.xcconfig */,
			);
			path = Pods;
			sourceTree = "<group>";
		};
/* End PBXGroup section */

/* Begin PBXNativeTarget section */
		4AA9998D2A8485A500E495FA /* fit-a-pet-client */ = {
			isa = PBXNativeTarget;
			buildConfigurationList = 4AA999A22A8485A600E495FA /* Build configuration list for PBXNativeTarget "fit-a-pet-client" */;
			buildPhases = (
				67C3A3AC2A76E24E58D689F3 /* [CP] Check Pods Manifest.lock */,
				4AA9998A2A8485A500E495FA /* Sources */,
				4AA9998B2A8485A500E495FA /* Frameworks */,
				4AA9998C2A8485A500E495FA /* Resources */,
				688CA9CF0CB047B41D9655B4 /* [CP] Embed Pods Frameworks */,
			);
			buildRules = (
			);
			dependencies = (
			);
			name = "fit-a-pet-client";
			productName = "fit-a-pet-client";
			productReference = 4AA9998E2A8485A500E495FA /* fit-a-pet-client.app */;
			productType = "com.apple.product-type.application";
		};
/* End PBXNativeTarget section */

/* Begin PBXProject section */
		4AA999862A8485A500E495FA /* Project object */ = {
			isa = PBXProject;
			attributes = {
				BuildIndependentTargetsInParallel = 1;
				LastSwiftUpdateCheck = 1420;
				LastUpgradeCheck = 1420;
				TargetAttributes = {
					4AA9998D2A8485A500E495FA = {
						CreatedOnToolsVersion = 14.2;
					};
				};
			};
			buildConfigurationList = 4AA999892A8485A500E495FA /* Build configuration list for PBXProject "fit-a-pet-client" */;
			compatibilityVersion = "Xcode 14.0";
			developmentRegion = en;
			hasScannedForEncodings = 0;
			knownRegions = (
				en,
				Base,
			);
			mainGroup = 4AA999852A8485A500E495FA;
			productRefGroup = 4AA9998F2A8485A500E495FA /* Products */;
			projectDirPath = "";
			projectRoot = "";
			targets = (
				4AA9998D2A8485A500E495FA /* fit-a-pet-client */,
			);
		};
/* End PBXProject section */

/* Begin PBXResourcesBuildPhase section */
		4AA9998C2A8485A500E495FA /* Resources */ = {
			isa = PBXResourcesBuildPhase;
			buildActionMask = 2147483647;
			files = (
				4AA9999E2A8485A600E495FA /* LaunchScreen.storyboard in Resources */,
				4AA9999B2A8485A600E495FA /* Assets.xcassets in Resources */,
				4ACDD4952AD460BA00CD8F1A /* PetCollectViewCell.xib in Resources */,
				4AA999992A8485A500E495FA /* Main.storyboard in Resources */,
			);
			runOnlyForDeploymentPostprocessing = 0;
		};
/* End PBXResourcesBuildPhase section */

/* Begin PBXShellScriptBuildPhase section */
		67C3A3AC2A76E24E58D689F3 /* [CP] Check Pods Manifest.lock */ = {
			isa = PBXShellScriptBuildPhase;
			buildActionMask = 2147483647;
			files = (
			);
			inputFileListPaths = (
			);
			inputPaths = (
				"${PODS_PODFILE_DIR_PATH}/Podfile.lock",
				"${PODS_ROOT}/Manifest.lock",
			);
			name = "[CP] Check Pods Manifest.lock";
			outputFileListPaths = (
			);
			outputPaths = (
				"$(DERIVED_FILE_DIR)/Pods-fit-a-pet-client-checkManifestLockResult.txt",
			);
			runOnlyForDeploymentPostprocessing = 0;
			shellPath = /bin/sh;
			shellScript = "diff \"${PODS_PODFILE_DIR_PATH}/Podfile.lock\" \"${PODS_ROOT}/Manifest.lock\" > /dev/null\nif [ $? != 0 ] ; then\n    # print error to STDERR\n    echo \"error: The sandbox is not in sync with the Podfile.lock. Run 'pod install' or update your CocoaPods installation.\" >&2\n    exit 1\nfi\n# This output is used by Xcode 'outputs' to avoid re-running this script phase.\necho \"SUCCESS\" > \"${SCRIPT_OUTPUT_FILE_0}\"\n";
			showEnvVarsInLog = 0;
		};
		688CA9CF0CB047B41D9655B4 /* [CP] Embed Pods Frameworks */ = {
			isa = PBXShellScriptBuildPhase;
			buildActionMask = 2147483647;
			files = (
			);
			inputFileListPaths = (
				"${PODS_ROOT}/Target Support Files/Pods-fit-a-pet-client/Pods-fit-a-pet-client-frameworks-${CONFIGURATION}-input-files.xcfilelist",
			);
			name = "[CP] Embed Pods Frameworks";
			outputFileListPaths = (
				"${PODS_ROOT}/Target Support Files/Pods-fit-a-pet-client/Pods-fit-a-pet-client-frameworks-${CONFIGURATION}-output-files.xcfilelist",
			);
			runOnlyForDeploymentPostprocessing = 0;
			shellPath = /bin/sh;
			shellScript = "\"${PODS_ROOT}/Target Support Files/Pods-fit-a-pet-client/Pods-fit-a-pet-client-frameworks.sh\"\n";
			showEnvVarsInLog = 0;
		};
/* End PBXShellScriptBuildPhase section */

/* Begin PBXSourcesBuildPhase section */
		4AA9998A2A8485A500E495FA /* Sources */ = {
			isa = PBXSourcesBuildPhase;
			buildActionMask = 2147483647;
			files = (
				4A8B9B4E2AD443FA009236EC /* MySearchRouter.swift in Sources */,
				4AD3542B2AAF7F6A004A47B3 /* PetVC.swift in Sources */,
				4ACDD4A32AD9B3A500CD8F1A /* InputPetNameVC.swift in Sources */,
				4AD3542D2AAF7F83004A47B3 /* SettingVC.swift in Sources */,
				4A15F2122AA8B4880098F2F7 /* InputIdVC.swift in Sources */,
				4AD354292AAF7F55004A47B3 /* RecordVC.swift in Sources */,
				4A15F2092AA790D60098F2F7 /* CustomProgressBar.swift in Sources */,
				4A9088772AC1681B000C7878 /* PetCollectViewCell.swift in Sources */,
				4A8B9B4A2AD443E6009236EC /* ApiStatusLogger.swift in Sources */,
				4A8B9B4C2AD443EE009236EC /* MyLogger.swift in Sources */,
				4ACDD4A52AD9B3DC00CD8F1A /* InputGenderVC.swift in Sources */,
				4AD354152AACD390004A47B3 /* LoginVC.swift in Sources */,
				4A15F2162AA8B4CA0098F2F7 /* InputNickVC.swift in Sources */,
				4ACDD4A12AD9B37E00CD8F1A /* InputSpeciesVC.swift in Sources */,
				4ACDD49E2AD9ACC400CD8F1A /* PetModel.swift in Sources */,
				4A8B9B462AD443C9009236EC /* AlamofireManager.swift in Sources */,
				4A15F20B2AA799C50098F2F7 /* ConstomLabel.swift in Sources */,
				4A15F2102AA8B45A0098F2F7 /* InputAuthNumVC.swift in Sources */,
				4A15F20E2AA8B4150098F2F7 /* InputPhoneNumVC.swift in Sources */,
				4AA999962A8485A500E495FA /* FirstVC.swift in Sources */,
				4AA999922A8485A500E495FA /* AppDelegate.swift in Sources */,
				4ACDD4A92ADAFFD100CD8F1A /* InputPetBirthVC.swift in Sources */,
				4A15F2142AA8B4A50098F2F7 /* InputPwVC.swift in Sources */,
				4AA999942A8485A500E495FA /* SceneDelegate.swift in Sources */,
				4AD354222AAF7E62004A47B3 /* TabBarController.swift in Sources */,
				4A15F2072AA641910098F2F7 /* CustomNextBtn.swift in Sources */,
				4A8B9B482AD443D5009236EC /* BaseInterceptor.swift in Sources */,
				4AD354272AAF7EF5004A47B3 /* CalendarVC.swift in Sources */,
				4A4BFDCA2AD26B0F0062BDB8 /* RegistrationManager.swift in Sources */,
				4A00A90C2AC66BDC007AEC8A /* UserModel.swift in Sources */,
				4AD354202AAF7CD6004A47B3 /* MainVC.swift in Sources */,
				4ACDD4A72AD9B3F600CD8F1A /* CheckCareVC.swift in Sources */,
				4A8B9B502AD444D0009236EC /* Constants.swift in Sources */,
			);
			runOnlyForDeploymentPostprocessing = 0;
		};
/* End PBXSourcesBuildPhase section */

/* Begin PBXVariantGroup section */
		4AA999972A8485A500E495FA /* Main.storyboard */ = {
			isa = PBXVariantGroup;
			children = (
				4AA999982A8485A500E495FA /* Base */,
			);
			name = Main.storyboard;
			sourceTree = "<group>";
		};
		4AA9999C2A8485A600E495FA /* LaunchScreen.storyboard */ = {
			isa = PBXVariantGroup;
			children = (
				4AA9999D2A8485A600E495FA /* Base */,
			);
			name = LaunchScreen.storyboard;
			sourceTree = "<group>";
		};
/* End PBXVariantGroup section */

/* Begin XCBuildConfiguration section */
		4AA999A02A8485A600E495FA /* Debug */ = {
			isa = XCBuildConfiguration;
			buildSettings = {
				ALWAYS_SEARCH_USER_PATHS = NO;
				CLANG_ANALYZER_NONNULL = YES;
				CLANG_ANALYZER_NUMBER_OBJECT_CONVERSION = YES_AGGRESSIVE;
				CLANG_CXX_LANGUAGE_STANDARD = "gnu++20";
				CLANG_ENABLE_MODULES = YES;
				CLANG_ENABLE_OBJC_ARC = YES;
				CLANG_ENABLE_OBJC_WEAK = YES;
				CLANG_WARN_BLOCK_CAPTURE_AUTORELEASING = YES;
				CLANG_WARN_BOOL_CONVERSION = YES;
				CLANG_WARN_COMMA = YES;
				CLANG_WARN_CONSTANT_CONVERSION = YES;
				CLANG_WARN_DEPRECATED_OBJC_IMPLEMENTATIONS = YES;
				CLANG_WARN_DIRECT_OBJC_ISA_USAGE = YES_ERROR;
				CLANG_WARN_DOCUMENTATION_COMMENTS = YES;
				CLANG_WARN_EMPTY_BODY = YES;
				CLANG_WARN_ENUM_CONVERSION = YES;
				CLANG_WARN_INFINITE_RECURSION = YES;
				CLANG_WARN_INT_CONVERSION = YES;
				CLANG_WARN_NON_LITERAL_NULL_CONVERSION = YES;
				CLANG_WARN_OBJC_IMPLICIT_RETAIN_SELF = YES;
				CLANG_WARN_OBJC_LITERAL_CONVERSION = YES;
				CLANG_WARN_OBJC_ROOT_CLASS = YES_ERROR;
				CLANG_WARN_QUOTED_INCLUDE_IN_FRAMEWORK_HEADER = YES;
				CLANG_WARN_RANGE_LOOP_ANALYSIS = YES;
				CLANG_WARN_STRICT_PROTOTYPES = YES;
				CLANG_WARN_SUSPICIOUS_MOVE = YES;
				CLANG_WARN_UNGUARDED_AVAILABILITY = YES_AGGRESSIVE;
				CLANG_WARN_UNREACHABLE_CODE = YES;
				CLANG_WARN__DUPLICATE_METHOD_MATCH = YES;
				COPY_PHASE_STRIP = NO;
				DEBUG_INFORMATION_FORMAT = dwarf;
				ENABLE_STRICT_OBJC_MSGSEND = YES;
				ENABLE_TESTABILITY = YES;
				GCC_C_LANGUAGE_STANDARD = gnu11;
				GCC_DYNAMIC_NO_PIC = NO;
				GCC_NO_COMMON_BLOCKS = YES;
				GCC_OPTIMIZATION_LEVEL = 0;
				GCC_PREPROCESSOR_DEFINITIONS = (
					"DEBUG=1",
					"$(inherited)",
				);
				GCC_WARN_64_TO_32_BIT_CONVERSION = YES;
				GCC_WARN_ABOUT_RETURN_TYPE = YES_ERROR;
				GCC_WARN_UNDECLARED_SELECTOR = YES;
				GCC_WARN_UNINITIALIZED_AUTOS = YES_AGGRESSIVE;
				GCC_WARN_UNUSED_FUNCTION = YES;
				GCC_WARN_UNUSED_VARIABLE = YES;
				IPHONEOS_DEPLOYMENT_TARGET = 16.2;
				MTL_ENABLE_DEBUG_INFO = INCLUDE_SOURCE;
				MTL_FAST_MATH = YES;
				ONLY_ACTIVE_ARCH = YES;
				SDKROOT = iphoneos;
				SWIFT_ACTIVE_COMPILATION_CONDITIONS = DEBUG;
				SWIFT_OPTIMIZATION_LEVEL = "-Onone";
			};
			name = Debug;
		};
		4AA999A12A8485A600E495FA /* Release */ = {
			isa = XCBuildConfiguration;
			buildSettings = {
				ALWAYS_SEARCH_USER_PATHS = NO;
				CLANG_ANALYZER_NONNULL = YES;
				CLANG_ANALYZER_NUMBER_OBJECT_CONVERSION = YES_AGGRESSIVE;
				CLANG_CXX_LANGUAGE_STANDARD = "gnu++20";
				CLANG_ENABLE_MODULES = YES;
				CLANG_ENABLE_OBJC_ARC = YES;
				CLANG_ENABLE_OBJC_WEAK = YES;
				CLANG_WARN_BLOCK_CAPTURE_AUTORELEASING = YES;
				CLANG_WARN_BOOL_CONVERSION = YES;
				CLANG_WARN_COMMA = YES;
				CLANG_WARN_CONSTANT_CONVERSION = YES;
				CLANG_WARN_DEPRECATED_OBJC_IMPLEMENTATIONS = YES;
				CLANG_WARN_DIRECT_OBJC_ISA_USAGE = YES_ERROR;
				CLANG_WARN_DOCUMENTATION_COMMENTS = YES;
				CLANG_WARN_EMPTY_BODY = YES;
				CLANG_WARN_ENUM_CONVERSION = YES;
				CLANG_WARN_INFINITE_RECURSION = YES;
				CLANG_WARN_INT_CONVERSION = YES;
				CLANG_WARN_NON_LITERAL_NULL_CONVERSION = YES;
				CLANG_WARN_OBJC_IMPLICIT_RETAIN_SELF = YES;
				CLANG_WARN_OBJC_LITERAL_CONVERSION = YES;
				CLANG_WARN_OBJC_ROOT_CLASS = YES_ERROR;
				CLANG_WARN_QUOTED_INCLUDE_IN_FRAMEWORK_HEADER = YES;
				CLANG_WARN_RANGE_LOOP_ANALYSIS = YES;
				CLANG_WARN_STRICT_PROTOTYPES = YES;
				CLANG_WARN_SUSPICIOUS_MOVE = YES;
				CLANG_WARN_UNGUARDED_AVAILABILITY = YES_AGGRESSIVE;
				CLANG_WARN_UNREACHABLE_CODE = YES;
				CLANG_WARN__DUPLICATE_METHOD_MATCH = YES;
				COPY_PHASE_STRIP = NO;
				DEBUG_INFORMATION_FORMAT = "dwarf-with-dsym";
				ENABLE_NS_ASSERTIONS = NO;
				ENABLE_STRICT_OBJC_MSGSEND = YES;
				GCC_C_LANGUAGE_STANDARD = gnu11;
				GCC_NO_COMMON_BLOCKS = YES;
				GCC_WARN_64_TO_32_BIT_CONVERSION = YES;
				GCC_WARN_ABOUT_RETURN_TYPE = YES_ERROR;
				GCC_WARN_UNDECLARED_SELECTOR = YES;
				GCC_WARN_UNINITIALIZED_AUTOS = YES_AGGRESSIVE;
				GCC_WARN_UNUSED_FUNCTION = YES;
				GCC_WARN_UNUSED_VARIABLE = YES;
				IPHONEOS_DEPLOYMENT_TARGET = 16.2;
				MTL_ENABLE_DEBUG_INFO = NO;
				MTL_FAST_MATH = YES;
				SDKROOT = iphoneos;
				SWIFT_COMPILATION_MODE = wholemodule;
				SWIFT_OPTIMIZATION_LEVEL = "-O";
				VALIDATE_PRODUCT = YES;
			};
			name = Release;
		};
		4AA999A32A8485A600E495FA /* Debug */ = {
			isa = XCBuildConfiguration;
			baseConfigurationReference = A8CCF3AF04A53824C263132B /* Pods-fit-a-pet-client.debug.xcconfig */;
			buildSettings = {
				ASSETCATALOG_COMPILER_APPICON_NAME = AppIcon;
				ASSETCATALOG_COMPILER_GLOBAL_ACCENT_COLOR_NAME = AccentColor;
				CODE_SIGN_STYLE = Automatic;
				CURRENT_PROJECT_VERSION = 1;
				GENERATE_INFOPLIST_FILE = YES;
				INFOPLIST_FILE = "fit-a-pet-client/Info.plist";
				INFOPLIST_KEY_UIApplicationSupportsIndirectInputEvents = YES;
				INFOPLIST_KEY_UILaunchStoryboardName = LaunchScreen;
				INFOPLIST_KEY_UIMainStoryboardFile = Main;
				INFOPLIST_KEY_UISupportedInterfaceOrientations_iPad = "UIInterfaceOrientationPortrait UIInterfaceOrientationPortraitUpsideDown UIInterfaceOrientationLandscapeLeft UIInterfaceOrientationLandscapeRight";
				INFOPLIST_KEY_UISupportedInterfaceOrientations_iPhone = "UIInterfaceOrientationPortrait UIInterfaceOrientationLandscapeLeft UIInterfaceOrientationLandscapeRight";
				LD_RUNPATH_SEARCH_PATHS = (
					"$(inherited)",
					"@executable_path/Frameworks",
				);
				MARKETING_VERSION = 1.0;
				PRODUCT_BUNDLE_IDENTIFIER = "com.heejin.fit-a-pet-client";
				PRODUCT_NAME = "$(TARGET_NAME)";
				SWIFT_EMIT_LOC_STRINGS = YES;
				SWIFT_VERSION = 5.0;
				TARGETED_DEVICE_FAMILY = "1,2";
			};
			name = Debug;
		};
		4AA999A42A8485A600E495FA /* Release */ = {
			isa = XCBuildConfiguration;
			baseConfigurationReference = 1BE018CCB6881B4EFC5C6D84 /* Pods-fit-a-pet-client.release.xcconfig */;
			buildSettings = {
				ASSETCATALOG_COMPILER_APPICON_NAME = AppIcon;
				ASSETCATALOG_COMPILER_GLOBAL_ACCENT_COLOR_NAME = AccentColor;
				CODE_SIGN_STYLE = Automatic;
				CURRENT_PROJECT_VERSION = 1;
				GENERATE_INFOPLIST_FILE = YES;
				INFOPLIST_FILE = "fit-a-pet-client/Info.plist";
				INFOPLIST_KEY_UIApplicationSupportsIndirectInputEvents = YES;
				INFOPLIST_KEY_UILaunchStoryboardName = LaunchScreen;
				INFOPLIST_KEY_UIMainStoryboardFile = Main;
				INFOPLIST_KEY_UISupportedInterfaceOrientations_iPad = "UIInterfaceOrientationPortrait UIInterfaceOrientationPortraitUpsideDown UIInterfaceOrientationLandscapeLeft UIInterfaceOrientationLandscapeRight";
				INFOPLIST_KEY_UISupportedInterfaceOrientations_iPhone = "UIInterfaceOrientationPortrait UIInterfaceOrientationLandscapeLeft UIInterfaceOrientationLandscapeRight";
				LD_RUNPATH_SEARCH_PATHS = (
					"$(inherited)",
					"@executable_path/Frameworks",
				);
				MARKETING_VERSION = 1.0;
				PRODUCT_BUNDLE_IDENTIFIER = "com.heejin.fit-a-pet-client";
				PRODUCT_NAME = "$(TARGET_NAME)";
				SWIFT_EMIT_LOC_STRINGS = YES;
				SWIFT_VERSION = 5.0;
				TARGETED_DEVICE_FAMILY = "1,2";
			};
			name = Release;
		};
/* End XCBuildConfiguration section */

/* Begin XCConfigurationList section */
		4AA999892A8485A500E495FA /* Build configuration list for PBXProject "fit-a-pet-client" */ = {
			isa = XCConfigurationList;
			buildConfigurations = (
				4AA999A02A8485A600E495FA /* Debug */,
				4AA999A12A8485A600E495FA /* Release */,
			);
			defaultConfigurationIsVisible = 0;
			defaultConfigurationName = Release;
		};
		4AA999A22A8485A600E495FA /* Build configuration list for PBXNativeTarget "fit-a-pet-client" */ = {
			isa = XCConfigurationList;
			buildConfigurations = (
				4AA999A32A8485A600E495FA /* Debug */,
				4AA999A42A8485A600E495FA /* Release */,
			);
			defaultConfigurationIsVisible = 0;
			defaultConfigurationName = Release;
		};
/* End XCConfigurationList section */
	};
	rootObject = 4AA999862A8485A500E495FA /* Project object */;
}
